
Microsoft Visual Studio Solution File, Format Version 12.00
# Visual Studio Version 16
VisualStudioVersion = 16.0.30406.217
MinimumVisualStudioVersion = 10.0.40219.1
Project("{FAE04EC0-301F-11D3-BF4B-00C04F79EFBC}") = "Demo.DotNetCoreAPI.CORS", "Demo.DotNetCoreAPI.CORS.csproj", "{5204287D-95EB-4713-9FBE-856A08278C7F}"
EndProject
Project("{FAE04EC0-301F-11D3-BF4B-00C04F79EFBC}") = "CORSTestApp", "..\CORSTestApp\CORSTestApp.csproj", "{F34B030F-012A-4226-8B61-EB9C794379FD}"
EndProject
Global
	GlobalSection(SolutionConfigurationPlatforms) = preSolution
		Debug|Any CPU = Debug|Any CPU
		Release|Any CPU = Release|Any CPU
	EndGlobalSection
	GlobalSection(ProjectConfigurationPlatforms) = postSolution
		{5204287D-95EB-4713-9FBE-856A08278C7F}.Debug|Any CPU.ActiveCfg = Debug|Any CPU
		{5204287D-95EB-4713-9FBE-856A08278C7F}.Debug|Any CPU.Build.0 = Debug|Any CPU
		{5204287D-95EB-4713-9FBE-856A08278C7F}.Release|Any CPU.ActiveCfg = Release|Any CPU
		{5204287D-95EB-4713-9FBE-856A08278C7F}.Release|Any CPU.Build.0 = Release|Any CPU
		{F34B030F-012A-4226-8B61-EB9C794379FD}.Debug|Any CPU.ActiveCfg = Debug|Any CPU
		{F34B030F-012A-4226-8B61-EB9C794379FD}.Debug|Any CPU.Build.0 = Debug|Any CPU
		{F34B030F-012A-4226-8B61-EB9C794379FD}.Release|Any CPU.ActiveCfg = Release|Any CPU
		{F34B030F-012A-4226-8B61-EB9C794379FD}.Release|Any CPU.Build.0 = Release|Any CPU
	EndGlobalSection
	GlobalSection(SolutionProperties) = preSolution
		HideSolutionNode = FALSE
	EndGlobalSection
	GlobalSection(ExtensibilityGlobals) = postSolution
		SolutionGuid = {B09A1EB6-71A2-4415-8399-5D7BC75874FB}
	EndGlobalSection
EndGlobal
